
Microsoft Visual Studio Solution File, Format Version 12.00
# Visual Studio 15
VisualStudioVersion = 15.0.27004.2010
MinimumVisualStudioVersion = 10.0.40219.1
Project("{FAE04EC0-301F-11D3-BF4B-00C04F79EFBC}") = "LinkGreenODBCUtility", "LinkGreenODBCUtility\LinkGreenODBCUtility.csproj", "{9C107EDF-7949-456C-B09E-1C4E807D9AA6}"
EndProject
Project("{FAE04EC0-301F-11D3-BF4B-00C04F79EFBC}") = "LinkGreen.Applications.Common", "LinkGreen.Applications.Common\LinkGreen.Applications.Common.csproj", "{A7519764-B219-44E4-9535-211B7FCA3B11}"
EndProject
Project("{FAE04EC0-301F-11D3-BF4B-00C04F79EFBC}") = "DataTransfer.OdbcSource", "DataTransfer.AccessDatabase\DataTransfer.OdbcSource.csproj", "{592DB8E5-CDB3-413D-969F-3488CB9DF1A3}"
EndProject
Project("{54435603-DBB4-11D2-8724-00A0C9A8B90C}") = "SetupLinkGreenOdbcUtility", "SetupLinkGreenOdbcUtility\SetupLinkGreenOdbcUtility.vdproj", "{09B5394A-1D7B-450B-B0EA-C544D79E1678}"
EndProject
Project("{FAE04EC0-301F-11D3-BF4B-00C04F79EFBC}") = "LinkGreen.Mail", "LinkGreen.Mail\LinkGreen.Mail.csproj", "{FF5E42C5-C4CE-4240-BADC-488F00AB5C6C}"
EndProject
Global
	GlobalSection(SolutionConfigurationPlatforms) = preSolution
		DBOnly|Any CPU = DBOnly|Any CPU
		DBOnly|x86 = DBOnly|x86
		Debug|Any CPU = Debug|Any CPU
		Debug|x86 = Debug|x86
		No Db|Any CPU = No Db|Any CPU
		No Db|x86 = No Db|x86
		Release|Any CPU = Release|Any CPU
		Release|x86 = Release|x86
		UAT|Any CPU = UAT|Any CPU
		UAT|x86 = UAT|x86
	EndGlobalSection
	GlobalSection(ProjectConfigurationPlatforms) = postSolution
		{9C107EDF-7949-456C-B09E-1C4E807D9AA6}.DBOnly|Any CPU.ActiveCfg = Debug|Any CPU
		{9C107EDF-7949-456C-B09E-1C4E807D9AA6}.DBOnly|Any CPU.Build.0 = Debug|Any CPU
		{9C107EDF-7949-456C-B09E-1C4E807D9AA6}.DBOnly|x86.ActiveCfg = Debug|Any CPU
		{9C107EDF-7949-456C-B09E-1C4E807D9AA6}.DBOnly|x86.Build.0 = Debug|Any CPU
		{9C107EDF-7949-456C-B09E-1C4E807D9AA6}.Debug|Any CPU.ActiveCfg = Debug|Any CPU
		{9C107EDF-7949-456C-B09E-1C4E807D9AA6}.Debug|Any CPU.Build.0 = Debug|Any CPU
		{9C107EDF-7949-456C-B09E-1C4E807D9AA6}.Debug|x86.ActiveCfg = Debug|Any CPU
		{9C107EDF-7949-456C-B09E-1C4E807D9AA6}.Debug|x86.Build.0 = Debug|Any CPU
		{9C107EDF-7949-456C-B09E-1C4E807D9AA6}.No Db|Any CPU.ActiveCfg = Release|Any CPU
		{9C107EDF-7949-456C-B09E-1C4E807D9AA6}.No Db|Any CPU.Build.0 = Release|Any CPU
		{9C107EDF-7949-456C-B09E-1C4E807D9AA6}.No Db|x86.ActiveCfg = Release|Any CPU
		{9C107EDF-7949-456C-B09E-1C4E807D9AA6}.No Db|x86.Build.0 = Release|Any CPU
		{9C107EDF-7949-456C-B09E-1C4E807D9AA6}.Release|Any CPU.ActiveCfg = Release|Any CPU
		{9C107EDF-7949-456C-B09E-1C4E807D9AA6}.Release|Any CPU.Build.0 = Release|Any CPU
		{9C107EDF-7949-456C-B09E-1C4E807D9AA6}.Release|x86.ActiveCfg = Release|Any CPU
		{9C107EDF-7949-456C-B09E-1C4E807D9AA6}.Release|x86.Build.0 = Release|Any CPU
		{9C107EDF-7949-456C-B09E-1C4E807D9AA6}.UAT|Any CPU.ActiveCfg = Release|Any CPU
		{9C107EDF-7949-456C-B09E-1C4E807D9AA6}.UAT|Any CPU.Build.0 = Release|Any CPU
		{9C107EDF-7949-456C-B09E-1C4E807D9AA6}.UAT|x86.ActiveCfg = Release|Any CPU
		{9C107EDF-7949-456C-B09E-1C4E807D9AA6}.UAT|x86.Build.0 = Release|Any CPU
		{A7519764-B219-44E4-9535-211B7FCA3B11}.DBOnly|Any CPU.ActiveCfg = Debug|Any CPU
		{A7519764-B219-44E4-9535-211B7FCA3B11}.DBOnly|Any CPU.Build.0 = Debug|Any CPU
		{A7519764-B219-44E4-9535-211B7FCA3B11}.DBOnly|x86.ActiveCfg = Debug|Any CPU
		{A7519764-B219-44E4-9535-211B7FCA3B11}.DBOnly|x86.Build.0 = Debug|Any CPU
		{A7519764-B219-44E4-9535-211B7FCA3B11}.Debug|Any CPU.ActiveCfg = Debug|Any CPU
		{A7519764-B219-44E4-9535-211B7FCA3B11}.Debug|Any CPU.Build.0 = Debug|Any CPU
		{A7519764-B219-44E4-9535-211B7FCA3B11}.Debug|x86.ActiveCfg = Debug|Any CPU
		{A7519764-B219-44E4-9535-211B7FCA3B11}.Debug|x86.Build.0 = Debug|Any CPU
		{A7519764-B219-44E4-9535-211B7FCA3B11}.No Db|Any CPU.ActiveCfg = Release|Any CPU
		{A7519764-B219-44E4-9535-211B7FCA3B11}.No Db|Any CPU.Build.0 = Release|Any CPU
		{A7519764-B219-44E4-9535-211B7FCA3B11}.No Db|x86.ActiveCfg = Release|Any CPU
		{A7519764-B219-44E4-9535-211B7FCA3B11}.No Db|x86.Build.0 = Release|Any CPU
		{A7519764-B219-44E4-9535-211B7FCA3B11}.Release|Any CPU.ActiveCfg = Release|Any CPU
		{A7519764-B219-44E4-9535-211B7FCA3B11}.Release|Any CPU.Build.0 = Release|Any CPU
		{A7519764-B219-44E4-9535-211B7FCA3B11}.Release|x86.ActiveCfg = Release|Any CPU
		{A7519764-B219-44E4-9535-211B7FCA3B11}.Release|x86.Build.0 = Release|Any CPU
		{A7519764-B219-44E4-9535-211B7FCA3B11}.UAT|Any CPU.ActiveCfg = Release|Any CPU
		{A7519764-B219-44E4-9535-211B7FCA3B11}.UAT|Any CPU.Build.0 = Release|Any CPU
		{A7519764-B219-44E4-9535-211B7FCA3B11}.UAT|x86.ActiveCfg = Release|Any CPU
		{A7519764-B219-44E4-9535-211B7FCA3B11}.UAT|x86.Build.0 = Release|Any CPU
		{592DB8E5-CDB3-413D-969F-3488CB9DF1A3}.DBOnly|Any CPU.ActiveCfg = Debug|Any CPU
		{592DB8E5-CDB3-413D-969F-3488CB9DF1A3}.DBOnly|Any CPU.Build.0 = Debug|Any CPU
		{592DB8E5-CDB3-413D-969F-3488CB9DF1A3}.DBOnly|x86.ActiveCfg = Debug|Any CPU
		{592DB8E5-CDB3-413D-969F-3488CB9DF1A3}.DBOnly|x86.Build.0 = Debug|Any CPU
		{592DB8E5-CDB3-413D-969F-3488CB9DF1A3}.Debug|Any CPU.ActiveCfg = Debug|Any CPU
		{592DB8E5-CDB3-413D-969F-3488CB9DF1A3}.Debug|Any CPU.Build.0 = Debug|Any CPU
		{592DB8E5-CDB3-413D-969F-3488CB9DF1A3}.Debug|x86.ActiveCfg = Debug|Any CPU
		{592DB8E5-CDB3-413D-969F-3488CB9DF1A3}.Debug|x86.Build.0 = Debug|Any CPU
		{592DB8E5-CDB3-413D-969F-3488CB9DF1A3}.No Db|Any CPU.ActiveCfg = Release|Any CPU
		{592DB8E5-CDB3-413D-969F-3488CB9DF1A3}.No Db|Any CPU.Build.0 = Release|Any CPU
		{592DB8E5-CDB3-413D-969F-3488CB9DF1A3}.No Db|x86.ActiveCfg = Release|Any CPU
		{592DB8E5-CDB3-413D-969F-3488CB9DF1A3}.No Db|x86.Build.0 = Release|Any CPU
		{592DB8E5-CDB3-413D-969F-3488CB9DF1A3}.Release|Any CPU.ActiveCfg = Release|Any CPU
		{592DB8E5-CDB3-413D-969F-3488CB9DF1A3}.Release|Any CPU.Build.0 = Release|Any CPU
		{592DB8E5-CDB3-413D-969F-3488CB9DF1A3}.Release|x86.ActiveCfg = Release|Any CPU
		{592DB8E5-CDB3-413D-969F-3488CB9DF1A3}.Release|x86.Build.0 = Release|Any CPU
		{592DB8E5-CDB3-413D-969F-3488CB9DF1A3}.UAT|Any CPU.ActiveCfg = Release|Any CPU
		{592DB8E5-CDB3-413D-969F-3488CB9DF1A3}.UAT|Any CPU.Build.0 = Release|Any CPU
		{592DB8E5-CDB3-413D-969F-3488CB9DF1A3}.UAT|x86.ActiveCfg = Release|Any CPU
		{592DB8E5-CDB3-413D-969F-3488CB9DF1A3}.UAT|x86.Build.0 = Release|Any CPU
		{09B5394A-1D7B-450B-B0EA-C544D79E1678}.DBOnly|Any CPU.ActiveCfg = Debug
		{09B5394A-1D7B-450B-B0EA-C544D79E1678}.DBOnly|Any CPU.Build.0 = Debug
		{09B5394A-1D7B-450B-B0EA-C544D79E1678}.DBOnly|x86.ActiveCfg = Debug
		{09B5394A-1D7B-450B-B0EA-C544D79E1678}.DBOnly|x86.Build.0 = Debug
		{09B5394A-1D7B-450B-B0EA-C544D79E1678}.Debug|Any CPU.ActiveCfg = Debug
		{09B5394A-1D7B-450B-B0EA-C544D79E1678}.Debug|Any CPU.Build.0 = Debug
		{09B5394A-1D7B-450B-B0EA-C544D79E1678}.Debug|x86.ActiveCfg = Debug
		{09B5394A-1D7B-450B-B0EA-C544D79E1678}.Debug|x86.Build.0 = Debug
		{09B5394A-1D7B-450B-B0EA-C544D79E1678}.No Db|Any CPU.ActiveCfg = Release
		{09B5394A-1D7B-450B-B0EA-C544D79E1678}.No Db|Any CPU.Build.0 = Release
		{09B5394A-1D7B-450B-B0EA-C544D79E1678}.No Db|x86.ActiveCfg = Release
		{09B5394A-1D7B-450B-B0EA-C544D79E1678}.No Db|x86.Build.0 = Release
		{09B5394A-1D7B-450B-B0EA-C544D79E1678}.Release|Any CPU.ActiveCfg = Release
		{09B5394A-1D7B-450B-B0EA-C544D79E1678}.Release|Any CPU.Build.0 = Release
		{09B5394A-1D7B-450B-B0EA-C544D79E1678}.Release|x86.ActiveCfg = Release
		{09B5394A-1D7B-450B-B0EA-C544D79E1678}.Release|x86.Build.0 = Release
		{09B5394A-1D7B-450B-B0EA-C544D79E1678}.UAT|Any CPU.ActiveCfg = Release
		{09B5394A-1D7B-450B-B0EA-C544D79E1678}.UAT|Any CPU.Build.0 = Release
		{09B5394A-1D7B-450B-B0EA-C544D79E1678}.UAT|x86.ActiveCfg = Release
		{09B5394A-1D7B-450B-B0EA-C544D79E1678}.UAT|x86.Build.0 = Release
		{FF5E42C5-C4CE-4240-BADC-488F00AB5C6C}.DBOnly|Any CPU.ActiveCfg = Debug|Any CPU
		{FF5E42C5-C4CE-4240-BADC-488F00AB5C6C}.DBOnly|Any CPU.Build.0 = Debug|Any CPU
		{FF5E42C5-C4CE-4240-BADC-488F00AB5C6C}.DBOnly|x86.ActiveCfg = Debug|Any CPU
		{FF5E42C5-C4CE-4240-BADC-488F00AB5C6C}.DBOnly|x86.Build.0 = Debug|Any CPU
		{FF5E42C5-C4CE-4240-BADC-488F00AB5C6C}.Debug|Any CPU.ActiveCfg = Debug|Any CPU
		{FF5E42C5-C4CE-4240-BADC-488F00AB5C6C}.Debug|Any CPU.Build.0 = Debug|Any CPU
		{FF5E42C5-C4CE-4240-BADC-488F00AB5C6C}.Debug|x86.ActiveCfg = Debug|Any CPU
		{FF5E42C5-C4CE-4240-BADC-488F00AB5C6C}.Debug|x86.Build.0 = Debug|Any CPU
		{FF5E42C5-C4CE-4240-BADC-488F00AB5C6C}.No Db|Any CPU.ActiveCfg = Release|Any CPU
		{FF5E42C5-C4CE-4240-BADC-488F00AB5C6C}.No Db|Any CPU.Build.0 = Release|Any CPU
		{FF5E42C5-C4CE-4240-BADC-488F00AB5C6C}.No Db|x86.ActiveCfg = Release|Any CPU
		{FF5E42C5-C4CE-4240-BADC-488F00AB5C6C}.No Db|x86.Build.0 = Release|Any CPU
		{FF5E42C5-C4CE-4240-BADC-488F00AB5C6C}.Release|Any CPU.ActiveCfg = Release|Any CPU
		{FF5E42C5-C4CE-4240-BADC-488F00AB5C6C}.Release|Any CPU.Build.0 = Release|Any CPU
		{FF5E42C5-C4CE-4240-BADC-488F00AB5C6C}.Release|x86.ActiveCfg = Release|Any CPU
		{FF5E42C5-C4CE-4240-BADC-488F00AB5C6C}.Release|x86.Build.0 = Release|Any CPU
		{FF5E42C5-C4CE-4240-BADC-488F00AB5C6C}.UAT|Any CPU.ActiveCfg = Release|Any CPU
		{FF5E42C5-C4CE-4240-BADC-488F00AB5C6C}.UAT|Any CPU.Build.0 = Release|Any CPU
		{FF5E42C5-C4CE-4240-BADC-488F00AB5C6C}.UAT|x86.ActiveCfg = Release|Any CPU
		{FF5E42C5-C4CE-4240-BADC-488F00AB5C6C}.UAT|x86.Build.0 = Release|Any CPU
	EndGlobalSection
	GlobalSection(SolutionProperties) = preSolution
		HideSolutionNode = FALSE
	EndGlobalSection
	GlobalSection(ExtensibilityGlobals) = postSolution
		SolutionGuid = {F61780E8-00D2-4767-976B-4F94A6B7EFE1}
	EndGlobalSection
EndGlobal
